
Microsoft Visual Studio Solution File, Format Version 12.00
# Visual Studio Version 17
VisualStudioVersion = 17.5.33516.290
MinimumVisualStudioVersion = 10.0.40219.1
Project("{9A19103F-16F7-4668-BE54-9A1E7A4F7556}") = "VirtualStoresPriceTracker", "AmazonPriceTracker\VirtualStoresPriceTracker.csproj", "{B6518A05-106A-4F39-9B30-5BCE1DA7F4A5}"
EndProject
Global
	GlobalSection(SolutionConfigurationPlatforms) = preSolution
		Debug|Any CPU = Debug|Any CPU
		Release|Any CPU = Release|Any CPU
	EndGlobalSection
	GlobalSection(ProjectConfigurationPlatforms) = postSolution
		{B6518A05-106A-4F39-9B30-5BCE1DA7F4A5}.Debug|Any CPU.ActiveCfg = Debug|Any CPU
		{B6518A05-106A-4F39-9B30-5BCE1DA7F4A5}.Debug|Any CPU.Build.0 = Debug|Any CPU
		{B6518A05-106A-4F39-9B30-5BCE1DA7F4A5}.Release|Any CPU.ActiveCfg = Release|Any CPU
		{B6518A05-106A-4F39-9B30-5BCE1DA7F4A5}.Release|Any CPU.Build.0 = Release|Any CPU
	EndGlobalSection
	GlobalSection(SolutionProperties) = preSolution
		HideSolutionNode = FALSE
	EndGlobalSection
	GlobalSection(ExtensibilityGlobals) = postSolution
		SolutionGuid = {681AB774-C219-4673-9D38-051A3CA4DD9A}
	EndGlobalSection
EndGlobal
